{
  "requires": true,
  "lockfileVersion": 1,
  "dependencies": {
    "vue": {
      "version": "2.6.3",
      "resolved": "https://registry.npmjs.org/vue/-/vue-2.6.3.tgz",
      "integrity": "sha512-yftjtahz4UTAtOlXXuw7UaYD86fWrMDAAzqTdqJJx2FIBqcPmBN6kPBHiBJFGaQELVblb5ijbFMXsx0i0F7q3g=="
    }
  }
}
